
Microsoft Visual Studio Solution File, Format Version 12.00
# Visual Studio Version 17
VisualStudioVersion = 17.0.31903.59
MinimumVisualStudioVersion = 10.0.40219.1
Project("{FAE04EC0-301F-11D3-BF4B-00C04F79EFBC}") = "API", "API\API.csproj", "{090007E1-004C-4D11-BE82-1D63D5A5C06C}"
EndProject
Project("{FAE04EC0-301F-11D3-BF4B-00C04F79EFBC}") = "Application", "Application\Application.csproj", "{2B523234-6AC3-4018-93F1-F62756874CDA}"
EndProject
Project("{FAE04EC0-301F-11D3-BF4B-00C04F79EFBC}") = "Domain", "Domain\Domain.csproj", "{C5EF6A8C-0934-4692-AF22-9538683A153F}"
EndProject
Project("{FAE04EC0-301F-11D3-BF4B-00C04F79EFBC}") = "Persistence", "Persistence\Persistence.csproj", "{4E47814D-7C7B-4FFC-B79D-67E582010EBC}"
EndProject
Project("{FAE04EC0-301F-11D3-BF4B-00C04F79EFBC}") = "Infrastructure", "Infrastructure\Infrastructure.csproj", "{272D2861-6BC8-4485-BBD7-2EEF2D12A7E1}"
EndProject
Global
	GlobalSection(SolutionConfigurationPlatforms) = preSolution
		Debug|Any CPU = Debug|Any CPU
		Release|Any CPU = Release|Any CPU
	EndGlobalSection
	GlobalSection(SolutionProperties) = preSolution
		HideSolutionNode = FALSE
	EndGlobalSection
	GlobalSection(ProjectConfigurationPlatforms) = postSolution
		{090007E1-004C-4D11-BE82-1D63D5A5C06C}.Debug|Any CPU.ActiveCfg = Debug|Any CPU
		{090007E1-004C-4D11-BE82-1D63D5A5C06C}.Debug|Any CPU.Build.0 = Debug|Any CPU
		{090007E1-004C-4D11-BE82-1D63D5A5C06C}.Release|Any CPU.ActiveCfg = Release|Any CPU
		{090007E1-004C-4D11-BE82-1D63D5A5C06C}.Release|Any CPU.Build.0 = Release|Any CPU
		{2B523234-6AC3-4018-93F1-F62756874CDA}.Debug|Any CPU.ActiveCfg = Debug|Any CPU
		{2B523234-6AC3-4018-93F1-F62756874CDA}.Debug|Any CPU.Build.0 = Debug|Any CPU
		{2B523234-6AC3-4018-93F1-F62756874CDA}.Release|Any CPU.ActiveCfg = Release|Any CPU
		{2B523234-6AC3-4018-93F1-F62756874CDA}.Release|Any CPU.Build.0 = Release|Any CPU
		{C5EF6A8C-0934-4692-AF22-9538683A153F}.Debug|Any CPU.ActiveCfg = Debug|Any CPU
		{C5EF6A8C-0934-4692-AF22-9538683A153F}.Debug|Any CPU.Build.0 = Debug|Any CPU
		{C5EF6A8C-0934-4692-AF22-9538683A153F}.Release|Any CPU.ActiveCfg = Release|Any CPU
		{C5EF6A8C-0934-4692-AF22-9538683A153F}.Release|Any CPU.Build.0 = Release|Any CPU
		{4E47814D-7C7B-4FFC-B79D-67E582010EBC}.Debug|Any CPU.ActiveCfg = Debug|Any CPU
		{4E47814D-7C7B-4FFC-B79D-67E582010EBC}.Debug|Any CPU.Build.0 = Debug|Any CPU
		{4E47814D-7C7B-4FFC-B79D-67E582010EBC}.Release|Any CPU.ActiveCfg = Release|Any CPU
		{4E47814D-7C7B-4FFC-B79D-67E582010EBC}.Release|Any CPU.Build.0 = Release|Any CPU
		{272D2861-6BC8-4485-BBD7-2EEF2D12A7E1}.Debug|Any CPU.ActiveCfg = Debug|Any CPU
		{272D2861-6BC8-4485-BBD7-2EEF2D12A7E1}.Debug|Any CPU.Build.0 = Debug|Any CPU
		{272D2861-6BC8-4485-BBD7-2EEF2D12A7E1}.Release|Any CPU.ActiveCfg = Release|Any CPU
		{272D2861-6BC8-4485-BBD7-2EEF2D12A7E1}.Release|Any CPU.Build.0 = Release|Any CPU
	EndGlobalSection
EndGlobal
